
Microsoft Visual Studio Solution File, Format Version 12.00
# Visual Studio Version 16
VisualStudioVersion = 16.0.30413.136
MinimumVisualStudioVersion = 10.0.40219.1
Project("{8BC9CEB8-8B4A-11D0-8D11-00A0C91BC942}") = "TCPSocket_Class", "TCPSocket_Class.vcxproj", "{E5463FC9-D4B5-4C2E-80E6-A6E410473721}"
EndProject
Global
	GlobalSection(SolutionConfigurationPlatforms) = preSolution
		Debug|x64 = Debug|x64
		Debug|x86 = Debug|x86
		Release|x64 = Release|x64
		Release|x86 = Release|x86
	EndGlobalSection
	GlobalSection(ProjectConfigurationPlatforms) = postSolution
		{E5463FC9-D4B5-4C2E-80E6-A6E410473721}.Debug|x64.ActiveCfg = Debug|x64
		{E5463FC9-D4B5-4C2E-80E6-A6E410473721}.Debug|x64.Build.0 = Debug|x64
		{E5463FC9-D4B5-4C2E-80E6-A6E410473721}.Debug|x86.ActiveCfg = Debug|Win32
		{E5463FC9-D4B5-4C2E-80E6-A6E410473721}.Debug|x86.Build.0 = Debug|Win32
		{E5463FC9-D4B5-4C2E-80E6-A6E410473721}.Release|x64.ActiveCfg = Release|x64
		{E5463FC9-D4B5-4C2E-80E6-A6E410473721}.Release|x64.Build.0 = Release|x64
		{E5463FC9-D4B5-4C2E-80E6-A6E410473721}.Release|x86.ActiveCfg = Release|Win32
		{E5463FC9-D4B5-4C2E-80E6-A6E410473721}.Release|x86.Build.0 = Release|Win32
	EndGlobalSection
	GlobalSection(SolutionProperties) = preSolution
		HideSolutionNode = FALSE
	EndGlobalSection
	GlobalSection(ExtensibilityGlobals) = postSolution
		SolutionGuid = {63DB5A7B-9AD0-4729-91A3-A493097ED2A5}
	EndGlobalSection
EndGlobal
